Microsoft Visual Studio Solution File, Format Version 12.00
# Visual Studio Version 17
VisualStudioVersion = 17.5.2.0
MinimumVisualStudioVersion = 10.0.40219.1
Project("{FAE04EC0-301F-11D3-BF4B-00C04F79EFBC}") = "Atividade 10.12", "Atividade 10.12.csproj", "{8AD8787A-F461-616B-D74A-9D06735667BF}"
EndProject
Global
	GlobalSection(SolutionConfigurationPlatforms) = preSolution
		Debug|Any CPU = Debug|Any CPU
		Release|Any CPU = Release|Any CPU
	EndGlobalSection
	GlobalSection(ProjectConfigurationPlatforms) = postSolution
		{8AD8787A-F461-616B-D74A-9D06735667BF}.Debug|Any CPU.ActiveCfg = Debug|Any CPU
		{8AD8787A-F461-616B-D74A-9D06735667BF}.Debug|Any CPU.Build.0 = Debug|Any CPU
		{8AD8787A-F461-616B-D74A-9D06735667BF}.Release|Any CPU.ActiveCfg = Release|Any CPU
		{8AD8787A-F461-616B-D74A-9D06735667BF}.Release|Any CPU.Build.0 = Release|Any CPU
	EndGlobalSection
	GlobalSection(SolutionProperties) = preSolution
		HideSolutionNode = FALSE
	EndGlobalSection
	GlobalSection(ExtensibilityGlobals) = postSolution
		SolutionGuid = {410EF4FC-7771-425E-94A3-A01E156885C8}
	EndGlobalSection
EndGlobal
